// !$*UTF8*$!
{
	archiveVersion = 1;
	classes = {
	};
	objectVersion = 56;
	objects = {

/* Begin PBXBuildFile section */
		F10357052A04ECC90013B5BB /* ZIndexPlayground.swift in Sources */ = {isa = PBXBuildFile; fileRef = F10357042A04ECC90013B5BB /* ZIndexPlayground.swift */; };
		F11ACE712A090F4900F30051 /* AlertPlayground.swift in Sources */ = {isa = PBXBuildFile; fileRef = F11ACE702A090F4900F30051 /* AlertPlayground.swift */; };
		F11CD7E32A025C1A00EEEE1F /* ScrollViewPlayground.swift in Sources */ = {isa = PBXBuildFile; fileRef = F11CD7E22A025C1A00EEEE1F /* ScrollViewPlayground.swift */; };
		F11FFAFE2A0385690024CDF7 /* LazyStackPlayground.swift in Sources */ = {isa = PBXBuildFile; fileRef = F11FFAFD2A0385690024CDF7 /* LazyStackPlayground.swift */; };
		F124C0792A0F2CAF00A1991A /* GaugePlayground.swift in Sources */ = {isa = PBXBuildFile; fileRef = F124C0782A0F2CAF00A1991A /* GaugePlayground.swift */; };
		F12AFE542A0600A300AEDC40 /* OffsetPlayground.swift in Sources */ = {isa = PBXBuildFile; fileRef = F12AFE532A0600A300AEDC40 /* OffsetPlayground.swift */; };
		F12AFE562A06024A00AEDC40 /* GeometryReaderPlayground.swift in Sources */ = {isa = PBXBuildFile; fileRef = F12AFE552A06024A00AEDC40 /* GeometryReaderPlayground.swift */; };
		F140795B2A04A9A000EADBAB /* GridPlayground.swift in Sources */ = {isa = PBXBuildFile; fileRef = F140795A2A04A9A000EADBAB /* GridPlayground.swift */; };
		F14A89A629FFDF4100407F74 /* ButtonPlayground.swift in Sources */ = {isa = PBXBuildFile; fileRef = F14A89A529FFDF4100407F74 /* ButtonPlayground.swift */; };
		F152A9AA2A0E58B2000E6BFB /* StepperPlayground.swift in Sources */ = {isa = PBXBuildFile; fileRef = F152A9A92A0E58B2000E6BFB /* StepperPlayground.swift */; };
		F152A9AC2A0E5EDC000E6BFB /* LinkPlayground.swift in Sources */ = {isa = PBXBuildFile; fileRef = F152A9AB2A0E5EDC000E6BFB /* LinkPlayground.swift */; };
		F153F6EB2A09ED7D0060FDC4 /* ActionSheetAndConfirmationDialogPlayground.swift in Sources */ = {isa = PBXBuildFile; fileRef = F153F6EA2A09ED7D0060FDC4 /* ActionSheetAndConfirmationDialogPlayground.swift */; };
		F153F6ED2A09F74F0060FDC4 /* SheetPlayground.swift in Sources */ = {isa = PBXBuildFile; fileRef = F153F6EC2A09F74E0060FDC4 /* SheetPlayground.swift */; };
		F153F6EF2A0A01600060FDC4 /* FullScreenCoverPlayground.swift in Sources */ = {isa = PBXBuildFile; fileRef = F153F6EE2A0A01600060FDC4 /* FullScreenCoverPlayground.swift */; };
		F15CD19329F7C217001950F6 /* Assets.xcassets in Resources */ = {isa = PBXBuildFile; fileRef = F15CD19229F7C217001950F6 /* Assets.xcassets */; };
		F15CD19629F7C217001950F6 /* Preview Assets.xcassets in Resources */ = {isa = PBXBuildFile; fileRef = F15CD19529F7C217001950F6 /* Preview Assets.xcassets */; };
		F168378529F7ED2800FD0EC6 /* TextsPlayground.swift in Sources */ = {isa = PBXBuildFile; fileRef = F168378429F7ED2800FD0EC6 /* TextsPlayground.swift */; };
		F16F6B712A0375EE00BA9B1F /* FormPlayground.swift in Sources */ = {isa = PBXBuildFile; fileRef = F16F6B702A0375EE00BA9B1F /* FormPlayground.swift */; };
		F1913DDF2A00C5A400CDAFF8 /* StatePlayground.swift in Sources */ = {isa = PBXBuildFile; fileRef = F1913DDE2A00C5A400CDAFF8 /* StatePlayground.swift */; };
		F1913DE12A00DF4E00CDAFF8 /* BindingPlayground.swift in Sources */ = {isa = PBXBuildFile; fileRef = F1913DE02A00DF4E00CDAFF8 /* BindingPlayground.swift */; };
		F1913DE32A00E54700CDAFF8 /* SliderPlayground.swift in Sources */ = {isa = PBXBuildFile; fileRef = F1913DE22A00E54700CDAFF8 /* SliderPlayground.swift */; };
		F1913DE52A00E89900CDAFF8 /* TogglePlayground.swift in Sources */ = {isa = PBXBuildFile; fileRef = F1913DE42A00E89900CDAFF8 /* TogglePlayground.swift */; };
		F1913DE72A00ECB200CDAFF8 /* ImagePlayground.swift in Sources */ = {isa = PBXBuildFile; fileRef = F1913DE62A00ECB200CDAFF8 /* ImagePlayground.swift */; };
		F1913DE92A00F30200CDAFF8 /* PickerPlayground.swift in Sources */ = {isa = PBXBuildFile; fileRef = F1913DE82A00F30200CDAFF8 /* PickerPlayground.swift */; };
		F1A83EAE2A0B742D00C8960A /* SecureFieldPlayground.swift in Sources */ = {isa = PBXBuildFile; fileRef = F1A83EAD2A0B742D00C8960A /* SecureFieldPlayground.swift */; };
		F1A83EB02A0B7EAD00C8960A /* TextSelectionPlayground.swift in Sources */ = {isa = PBXBuildFile; fileRef = F1A83EAF2A0B7EAC00C8960A /* TextSelectionPlayground.swift */; };
		F1A83EB22A0B818300C8960A /* EditButtonPlayground.swift in Sources */ = {isa = PBXBuildFile; fileRef = F1A83EB12A0B818300C8960A /* EditButtonPlayground.swift */; };
		F1AE87242A0A40CF00B99DAC /* OverlayPlayground.swift in Sources */ = {isa = PBXBuildFile; fileRef = F1AE87232A0A40CF00B99DAC /* OverlayPlayground.swift */; };
		F1E04E1229FCD76A000B3971 /* SwiftUIPlayGroundApp.swift in Sources */ = {isa = PBXBuildFile; fileRef = F1E04E1129FCD76A000B3971 /* SwiftUIPlayGroundApp.swift */; };
		F1E04E1429FCD787000B3971 /* ContentView.swift in Sources */ = {isa = PBXBuildFile; fileRef = F1E04E1329FCD787000B3971 /* ContentView.swift */; };
		F1F1AC002A0B67CD009F3C50 /* LabelPlayground.swift in Sources */ = {isa = PBXBuildFile; fileRef = F1F1ABFF2A0B67CD009F3C50 /* LabelPlayground.swift */; };
		F1FD02102A04DA2500BE091F /* LayoutPriorityPlayground.swift in Sources */ = {isa = PBXBuildFile; fileRef = F1FD020F2A04DA2500BE091F /* LayoutPriorityPlayground.swift */; };
		F1FD02122A04DD0600BE091F /* DividerPlayground.swift in Sources */ = {isa = PBXBuildFile; fileRef = F1FD02112A04DD0500BE091F /* DividerPlayground.swift */; };
/* End PBXBuildFile section */

/* Begin PBXFileReference section */
		F10357042A04ECC90013B5BB /* ZIndexPlayground.swift */ = {isa = PBXFileReference; lastKnownFileType = sourcecode.swift; path = ZIndexPlayground.swift; sourceTree = "<group>"; };
		F11ACE702A090F4900F30051 /* AlertPlayground.swift */ = {isa = PBXFileReference; lastKnownFileType = sourcecode.swift; path = AlertPlayground.swift; sourceTree = "<group>"; };
		F11CD7E22A025C1A00EEEE1F /* ScrollViewPlayground.swift */ = {isa = PBXFileReference; lastKnownFileType = sourcecode.swift; path = ScrollViewPlayground.swift; sourceTree = "<group>"; };
		F11FFAFD2A0385690024CDF7 /* LazyStackPlayground.swift */ = {isa = PBXFileReference; lastKnownFileType = sourcecode.swift; path = LazyStackPlayground.swift; sourceTree = "<group>"; };
		F124C0782A0F2CAF00A1991A /* GaugePlayground.swift */ = {isa = PBXFileReference; lastKnownFileType = sourcecode.swift; path = GaugePlayground.swift; sourceTree = "<group>"; };
		F12AFE532A0600A300AEDC40 /* OffsetPlayground.swift */ = {isa = PBXFileReference; lastKnownFileType = sourcecode.swift; path = OffsetPlayground.swift; sourceTree = "<group>"; };
		F12AFE552A06024A00AEDC40 /* GeometryReaderPlayground.swift */ = {isa = PBXFileReference; lastKnownFileType = sourcecode.swift; path = GeometryReaderPlayground.swift; sourceTree = "<group>"; };
		F140795A2A04A9A000EADBAB /* GridPlayground.swift */ = {isa = PBXFileReference; lastKnownFileType = sourcecode.swift; path = GridPlayground.swift; sourceTree = "<group>"; };
		F14A89A529FFDF4100407F74 /* ButtonPlayground.swift */ = {isa = PBXFileReference; lastKnownFileType = sourcecode.swift; path = ButtonPlayground.swift; sourceTree = "<group>"; };
		F152A9A92A0E58B2000E6BFB /* StepperPlayground.swift */ = {isa = PBXFileReference; lastKnownFileType = sourcecode.swift; path = StepperPlayground.swift; sourceTree = "<group>"; };
		F152A9AB2A0E5EDC000E6BFB /* LinkPlayground.swift */ = {isa = PBXFileReference; lastKnownFileType = sourcecode.swift; path = LinkPlayground.swift; sourceTree = "<group>"; };
		F153F6EA2A09ED7D0060FDC4 /* ActionSheetAndConfirmationDialogPlayground.swift */ = {isa = PBXFileReference; lastKnownFileType = sourcecode.swift; path = ActionSheetAndConfirmationDialogPlayground.swift; sourceTree = "<group>"; };
		F153F6EC2A09F74E0060FDC4 /* SheetPlayground.swift */ = {isa = PBXFileReference; lastKnownFileType = sourcecode.swift; path = SheetPlayground.swift; sourceTree = "<group>"; };
		F153F6EE2A0A01600060FDC4 /* FullScreenCoverPlayground.swift */ = {isa = PBXFileReference; lastKnownFileType = sourcecode.swift; path = FullScreenCoverPlayground.swift; sourceTree = "<group>"; };
		F15CD18B29F7C215001950F6 /* SwiftUIPlayGround.app */ = {isa = PBXFileReference; explicitFileType = wrapper.application; includeInIndex = 0; path = SwiftUIPlayGround.app; sourceTree = BUILT_PRODUCTS_DIR; };
		F15CD19229F7C217001950F6 /* Assets.xcassets */ = {isa = PBXFileReference; lastKnownFileType = folder.assetcatalog; path = Assets.xcassets; sourceTree = "<group>"; };
		F15CD19529F7C217001950F6 /* Preview Assets.xcassets */ = {isa = PBXFileReference; lastKnownFileType = folder.assetcatalog; path = "Preview Assets.xcassets"; sourceTree = "<group>"; };
		F168378429F7ED2800FD0EC6 /* TextsPlayground.swift */ = {isa = PBXFileReference; lastKnownFileType = sourcecode.swift; path = TextsPlayground.swift; sourceTree = "<group>"; };
		F16F6B702A0375EE00BA9B1F /* FormPlayground.swift */ = {isa = PBXFileReference; lastKnownFileType = sourcecode.swift; path = FormPlayground.swift; sourceTree = "<group>"; };
		F1913DDE2A00C5A400CDAFF8 /* StatePlayground.swift */ = {isa = PBXFileReference; lastKnownFileType = sourcecode.swift; path = StatePlayground.swift; sourceTree = "<group>"; };
		F1913DE02A00DF4E00CDAFF8 /* BindingPlayground.swift */ = {isa = PBXFileReference; lastKnownFileType = sourcecode.swift; path = BindingPlayground.swift; sourceTree = "<group>"; };
		F1913DE22A00E54700CDAFF8 /* SliderPlayground.swift */ = {isa = PBXFileReference; lastKnownFileType = sourcecode.swift; path = SliderPlayground.swift; sourceTree = "<group>"; };
		F1913DE42A00E89900CDAFF8 /* TogglePlayground.swift */ = {isa = PBXFileReference; lastKnownFileType = sourcecode.swift; path = TogglePlayground.swift; sourceTree = "<group>"; };
		F1913DE62A00ECB200CDAFF8 /* ImagePlayground.swift */ = {isa = PBXFileReference; lastKnownFileType = sourcecode.swift; path = ImagePlayground.swift; sourceTree = "<group>"; };
		F1913DE82A00F30200CDAFF8 /* PickerPlayground.swift */ = {isa = PBXFileReference; lastKnownFileType = sourcecode.swift; path = PickerPlayground.swift; sourceTree = "<group>"; };
		F1A83EAD2A0B742D00C8960A /* SecureFieldPlayground.swift */ = {isa = PBXFileReference; lastKnownFileType = sourcecode.swift; path = SecureFieldPlayground.swift; sourceTree = "<group>"; };
		F1A83EAF2A0B7EAC00C8960A /* TextSelectionPlayground.swift */ = {isa = PBXFileReference; lastKnownFileType = sourcecode.swift; path = TextSelectionPlayground.swift; sourceTree = "<group>"; };
		F1A83EB12A0B818300C8960A /* EditButtonPlayground.swift */ = {isa = PBXFileReference; lastKnownFileType = sourcecode.swift; path = EditButtonPlayground.swift; sourceTree = "<group>"; };
		F1AE87232A0A40CF00B99DAC /* OverlayPlayground.swift */ = {isa = PBXFileReference; lastKnownFileType = sourcecode.swift; path = OverlayPlayground.swift; sourceTree = "<group>"; };
		F1E04E1129FCD76A000B3971 /* SwiftUIPlayGroundApp.swift */ = {isa = PBXFileReference; lastKnownFileType = sourcecode.swift; path = SwiftUIPlayGroundApp.swift; sourceTree = "<group>"; };
		F1E04E1329FCD787000B3971 /* ContentView.swift */ = {isa = PBXFileReference; lastKnownFileType = sourcecode.swift; path = ContentView.swift; sourceTree = "<group>"; };
		F1F1ABFF2A0B67CD009F3C50 /* LabelPlayground.swift */ = {isa = PBXFileReference; lastKnownFileType = sourcecode.swift; path = LabelPlayground.swift; sourceTree = "<group>"; };
		F1FD020F2A04DA2500BE091F /* LayoutPriorityPlayground.swift */ = {isa = PBXFileReference; lastKnownFileType = sourcecode.swift; path = LayoutPriorityPlayground.swift; sourceTree = "<group>"; };
		F1FD02112A04DD0500BE091F /* DividerPlayground.swift */ = {isa = PBXFileReference; lastKnownFileType = sourcecode.swift; path = DividerPlayground.swift; sourceTree = "<group>"; };
/* End PBXFileReference section */

/* Begin PBXFrameworksBuildPhase section */
		F15CD18829F7C215001950F6 /* Frameworks */ = {
			isa = PBXFrameworksBuildPhase;
			buildActionMask = 2147483647;
			files = (
			);
			runOnlyForDeploymentPostprocessing = 0;
		};
/* End PBXFrameworksBuildPhase section */

/* Begin PBXGroup section */
		F15CD18229F7C215001950F6 = {
			isa = PBXGroup;
			children = (
				F15CD18D29F7C215001950F6 /* SwiftUIPlayGround */,
				F15CD18C29F7C215001950F6 /* Products */,
			);
			sourceTree = "<group>";
		};
		F15CD18C29F7C215001950F6 /* Products */ = {
			isa = PBXGroup;
			children = (
				F15CD18B29F7C215001950F6 /* SwiftUIPlayGround.app */,
			);
			name = Products;
			sourceTree = "<group>";
		};
		F15CD18D29F7C215001950F6 /* SwiftUIPlayGround */ = {
			isa = PBXGroup;
			children = (
				F1E04E1129FCD76A000B3971 /* SwiftUIPlayGroundApp.swift */,
				F1E04E1329FCD787000B3971 /* ContentView.swift */,
				F15CD19229F7C217001950F6 /* Assets.xcassets */,
				F15CD19429F7C217001950F6 /* Preview Content */,
				F168378429F7ED2800FD0EC6 /* TextsPlayground.swift */,
				F14A89A529FFDF4100407F74 /* ButtonPlayground.swift */,
				F1913DDE2A00C5A400CDAFF8 /* StatePlayground.swift */,
				F1913DE02A00DF4E00CDAFF8 /* BindingPlayground.swift */,
				F1913DE22A00E54700CDAFF8 /* SliderPlayground.swift */,
				F1913DE42A00E89900CDAFF8 /* TogglePlayground.swift */,
				F1913DE62A00ECB200CDAFF8 /* ImagePlayground.swift */,
				F1913DE82A00F30200CDAFF8 /* PickerPlayground.swift */,
				F11CD7E22A025C1A00EEEE1F /* ScrollViewPlayground.swift */,
				F16F6B702A0375EE00BA9B1F /* FormPlayground.swift */,
				F11FFAFD2A0385690024CDF7 /* LazyStackPlayground.swift */,
				F140795A2A04A9A000EADBAB /* GridPlayground.swift */,
				F1FD020F2A04DA2500BE091F /* LayoutPriorityPlayground.swift */,
				F1FD02112A04DD0500BE091F /* DividerPlayground.swift */,
				F10357042A04ECC90013B5BB /* ZIndexPlayground.swift */,
				F12AFE532A0600A300AEDC40 /* OffsetPlayground.swift */,
				F12AFE552A06024A00AEDC40 /* GeometryReaderPlayground.swift */,
				F11ACE702A090F4900F30051 /* AlertPlayground.swift */,
				F153F6EA2A09ED7D0060FDC4 /* ActionSheetAndConfirmationDialogPlayground.swift */,
				F153F6EC2A09F74E0060FDC4 /* SheetPlayground.swift */,
				F153F6EE2A0A01600060FDC4 /* FullScreenCoverPlayground.swift */,
				F1AE87232A0A40CF00B99DAC /* OverlayPlayground.swift */,
				F1F1ABFF2A0B67CD009F3C50 /* LabelPlayground.swift */,
				F1A83EAD2A0B742D00C8960A /* SecureFieldPlayground.swift */,
				F1A83EAF2A0B7EAC00C8960A /* TextSelectionPlayground.swift */,
				F1A83EB12A0B818300C8960A /* EditButtonPlayground.swift */,
				F152A9A92A0E58B2000E6BFB /* StepperPlayground.swift */,
				F152A9AB2A0E5EDC000E6BFB /* LinkPlayground.swift */,
				F124C0782A0F2CAF00A1991A /* GaugePlayground.swift */,
			);
			path = SwiftUIPlayGround;
			sourceTree = "<group>";
		};
		F15CD19429F7C217001950F6 /* Preview Content */ = {
			isa = PBXGroup;
			children = (
				F15CD19529F7C217001950F6 /* Preview Assets.xcassets */,
			);
			path = "Preview Content";
			sourceTree = "<group>";
		};
/* End PBXGroup section */

/* Begin PBXNativeTarget section */
		F15CD18A29F7C215001950F6 /* SwiftUIPlayGround */ = {
			isa = PBXNativeTarget;
			buildConfigurationList = F15CD19929F7C217001950F6 /* Build configuration list for PBXNativeTarget "SwiftUIPlayGround" */;
			buildPhases = (
				F15CD18729F7C215001950F6 /* Sources */,
				F15CD18829F7C215001950F6 /* Frameworks */,
				F15CD18929F7C215001950F6 /* Resources */,
			);
			buildRules = (
			);
			dependencies = (
			);
			name = SwiftUIPlayGround;
			productName = SwiftUIPlayGround;
			productReference = F15CD18B29F7C215001950F6 /* SwiftUIPlayGround.app */;
			productType = "com.apple.product-type.application";
		};
/* End PBXNativeTarget section */

/* Begin PBXProject section */
		F15CD18329F7C215001950F6 /* Project object */ = {
			isa = PBXProject;
			attributes = {
				BuildIndependentTargetsInParallel = 1;
				LastSwiftUpdateCheck = 1410;
				LastUpgradeCheck = 1410;
				TargetAttributes = {
					F15CD18A29F7C215001950F6 = {
						CreatedOnToolsVersion = 14.1;
					};
				};
			};
			buildConfigurationList = F15CD18629F7C215001950F6 /* Build configuration list for PBXProject "SwiftUIPlayGround" */;
			compatibilityVersion = "Xcode 14.0";
			developmentRegion = en;
			hasScannedForEncodings = 0;
			knownRegions = (
				en,
				Base,
			);
			mainGroup = F15CD18229F7C215001950F6;
			productRefGroup = F15CD18C29F7C215001950F6 /* Products */;
			projectDirPath = "";
			projectRoot = "";
			targets = (
				F15CD18A29F7C215001950F6 /* SwiftUIPlayGround */,
			);
		};
/* End PBXProject section */

/* Begin PBXResourcesBuildPhase section */
		F15CD18929F7C215001950F6 /* Resources */ = {
			isa = PBXResourcesBuildPhase;
			buildActionMask = 2147483647;
			files = (
				F15CD19629F7C217001950F6 /* Preview Assets.xcassets in Resources */,
				F15CD19329F7C217001950F6 /* Assets.xcassets in Resources */,
			);
			runOnlyForDeploymentPostprocessing = 0;
		};
/* End PBXResourcesBuildPhase section */

/* Begin PBXSourcesBuildPhase section */
		F15CD18729F7C215001950F6 /* Sources */ = {
			isa = PBXSourcesBuildPhase;
			buildActionMask = 2147483647;
			files = (
				F16F6B712A0375EE00BA9B1F /* FormPlayground.swift in Sources */,
				F1AE87242A0A40CF00B99DAC /* OverlayPlayground.swift in Sources */,
				F153F6EF2A0A01600060FDC4 /* FullScreenCoverPlayground.swift in Sources */,
				F1913DE52A00E89900CDAFF8 /* TogglePlayground.swift in Sources */,
				F124C0792A0F2CAF00A1991A /* GaugePlayground.swift in Sources */,
				F152A9AC2A0E5EDC000E6BFB /* LinkPlayground.swift in Sources */,
				F1A83EB22A0B818300C8960A /* EditButtonPlayground.swift in Sources */,
				F11CD7E32A025C1A00EEEE1F /* ScrollViewPlayground.swift in Sources */,
				F1913DE72A00ECB200CDAFF8 /* ImagePlayground.swift in Sources */,
				F1913DE32A00E54700CDAFF8 /* SliderPlayground.swift in Sources */,
				F10357052A04ECC90013B5BB /* ZIndexPlayground.swift in Sources */,
				F1FD02102A04DA2500BE091F /* LayoutPriorityPlayground.swift in Sources */,
				F153F6EB2A09ED7D0060FDC4 /* ActionSheetAndConfirmationDialogPlayground.swift in Sources */,
				F1913DDF2A00C5A400CDAFF8 /* StatePlayground.swift in Sources */,
				F140795B2A04A9A000EADBAB /* GridPlayground.swift in Sources */,
				F1A83EB02A0B7EAD00C8960A /* TextSelectionPlayground.swift in Sources */,
				F12AFE542A0600A300AEDC40 /* OffsetPlayground.swift in Sources */,
				F1F1AC002A0B67CD009F3C50 /* LabelPlayground.swift in Sources */,
				F152A9AA2A0E58B2000E6BFB /* StepperPlayground.swift in Sources */,
				F11FFAFE2A0385690024CDF7 /* LazyStackPlayground.swift in Sources */,
				F1A83EAE2A0B742D00C8960A /* SecureFieldPlayground.swift in Sources */,
				F153F6ED2A09F74F0060FDC4 /* SheetPlayground.swift in Sources */,
				F1E04E1229FCD76A000B3971 /* SwiftUIPlayGroundApp.swift in Sources */,
				F1913DE12A00DF4E00CDAFF8 /* BindingPlayground.swift in Sources */,
				F11ACE712A090F4900F30051 /* AlertPlayground.swift in Sources */,
				F12AFE562A06024A00AEDC40 /* GeometryReaderPlayground.swift in Sources */,
				F1913DE92A00F30200CDAFF8 /* PickerPlayground.swift in Sources */,
				F168378529F7ED2800FD0EC6 /* TextsPlayground.swift in Sources */,
				F14A89A629FFDF4100407F74 /* ButtonPlayground.swift in Sources */,
				F1FD02122A04DD0600BE091F /* DividerPlayground.swift in Sources */,
				F1E04E1429FCD787000B3971 /* ContentView.swift in Sources */,
			);
			runOnlyForDeploymentPostprocessing = 0;
		};
/* End PBXSourcesBuildPhase section */

/* Begin XCBuildConfiguration section */
		F15CD19729F7C217001950F6 /* Debug */ = {
			isa = XCBuildConfiguration;
			buildSettings = {
				ALWAYS_SEARCH_USER_PATHS = NO;
				CLANG_ANALYZER_NONNULL = YES;
				CLANG_ANALYZER_NUMBER_OBJECT_CONVERSION = YES_AGGRESSIVE;
				CLANG_CXX_LANGUAGE_STANDARD = "gnu++20";
				CLANG_ENABLE_MODULES = YES;
				CLANG_ENABLE_OBJC_ARC = YES;
				CLANG_ENABLE_OBJC_WEAK = YES;
				CLANG_WARN_BLOCK_CAPTURE_AUTORELEASING = YES;
				CLANG_WARN_BOOL_CONVERSION = YES;
				CLANG_WARN_COMMA = YES;
				CLANG_WARN_CONSTANT_CONVERSION = YES;
				CLANG_WARN_DEPRECATED_OBJC_IMPLEMENTATIONS = YES;
				CLANG_WARN_DIRECT_OBJC_ISA_USAGE = YES_ERROR;
				CLANG_WARN_DOCUMENTATION_COMMENTS = YES;
				CLANG_WARN_EMPTY_BODY = YES;
				CLANG_WARN_ENUM_CONVERSION = YES;
				CLANG_WARN_INFINITE_RECURSION = YES;
				CLANG_WARN_INT_CONVERSION = YES;
				CLANG_WARN_NON_LITERAL_NULL_CONVERSION = YES;
				CLANG_WARN_OBJC_IMPLICIT_RETAIN_SELF = YES;
				CLANG_WARN_OBJC_LITERAL_CONVERSION = YES;
				CLANG_WARN_OBJC_ROOT_CLASS = YES_ERROR;
				CLANG_WARN_QUOTED_INCLUDE_IN_FRAMEWORK_HEADER = YES;
				CLANG_WARN_RANGE_LOOP_ANALYSIS = YES;
				CLANG_WARN_STRICT_PROTOTYPES = YES;
				CLANG_WARN_SUSPICIOUS_MOVE = YES;
				CLANG_WARN_UNGUARDED_AVAILABILITY = YES_AGGRESSIVE;
				CLANG_WARN_UNREACHABLE_CODE = YES;
				CLANG_WARN__DUPLICATE_METHOD_MATCH = YES;
				COPY_PHASE_STRIP = NO;
				DEBUG_INFORMATION_FORMAT = dwarf;
				ENABLE_STRICT_OBJC_MSGSEND = YES;
				ENABLE_TESTABILITY = YES;
				GCC_C_LANGUAGE_STANDARD = gnu11;
				GCC_DYNAMIC_NO_PIC = NO;
				GCC_NO_COMMON_BLOCKS = YES;
				GCC_OPTIMIZATION_LEVEL = 0;
				GCC_PREPROCESSOR_DEFINITIONS = (
					"DEBUG=1",
					"$(inherited)",
				);
				GCC_WARN_64_TO_32_BIT_CONVERSION = YES;
				GCC_WARN_ABOUT_RETURN_TYPE = YES_ERROR;
				GCC_WARN_UNDECLARED_SELECTOR = YES;
				GCC_WARN_UNINITIALIZED_AUTOS = YES_AGGRESSIVE;
				GCC_WARN_UNUSED_FUNCTION = YES;
				GCC_WARN_UNUSED_VARIABLE = YES;
				IPHONEOS_DEPLOYMENT_TARGET = 16.1;
				MTL_ENABLE_DEBUG_INFO = INCLUDE_SOURCE;
				MTL_FAST_MATH = YES;
				ONLY_ACTIVE_ARCH = YES;
				SDKROOT = iphoneos;
				SWIFT_ACTIVE_COMPILATION_CONDITIONS = DEBUG;
				SWIFT_OPTIMIZATION_LEVEL = "-Onone";
			};
			name = Debug;
		};
		F15CD19829F7C217001950F6 /* Release */ = {
			isa = XCBuildConfiguration;
			buildSettings = {
				ALWAYS_SEARCH_USER_PATHS = NO;
				CLANG_ANALYZER_NONNULL = YES;
				CLANG_ANALYZER_NUMBER_OBJECT_CONVERSION = YES_AGGRESSIVE;
				CLANG_CXX_LANGUAGE_STANDARD = "gnu++20";
				CLANG_ENABLE_MODULES = YES;
				CLANG_ENABLE_OBJC_ARC = YES;
				CLANG_ENABLE_OBJC_WEAK = YES;
				CLANG_WARN_BLOCK_CAPTURE_AUTORELEASING = YES;
				CLANG_WARN_BOOL_CONVERSION = YES;
				CLANG_WARN_COMMA = YES;
				CLANG_WARN_CONSTANT_CONVERSION = YES;
				CLANG_WARN_DEPRECATED_OBJC_IMPLEMENTATIONS = YES;
				CLANG_WARN_DIRECT_OBJC_ISA_USAGE = YES_ERROR;
				CLANG_WARN_DOCUMENTATION_COMMENTS = YES;
				CLANG_WARN_EMPTY_BODY = YES;
				CLANG_WARN_ENUM_CONVERSION = YES;
				CLANG_WARN_INFINITE_RECURSION = YES;
				CLANG_WARN_INT_CONVERSION = YES;
				CLANG_WARN_NON_LITERAL_NULL_CONVERSION = YES;
				CLANG_WARN_OBJC_IMPLICIT_RETAIN_SELF = YES;
				CLANG_WARN_OBJC_LITERAL_CONVERSION = YES;
				CLANG_WARN_OBJC_ROOT_CLASS = YES_ERROR;
				CLANG_WARN_QUOTED_INCLUDE_IN_FRAMEWORK_HEADER = YES;
				CLANG_WARN_RANGE_LOOP_ANALYSIS = YES;
				CLANG_WARN_STRICT_PROTOTYPES = YES;
				CLANG_WARN_SUSPICIOUS_MOVE = YES;
				CLANG_WARN_UNGUARDED_AVAILABILITY = YES_AGGRESSIVE;
				CLANG_WARN_UNREACHABLE_CODE = YES;
				CLANG_WARN__DUPLICATE_METHOD_MATCH = YES;
				COPY_PHASE_STRIP = NO;
				DEBUG_INFORMATION_FORMAT = "dwarf-with-dsym";
				ENABLE_NS_ASSERTIONS = NO;
				ENABLE_STRICT_OBJC_MSGSEND = YES;
				GCC_C_LANGUAGE_STANDARD = gnu11;
				GCC_NO_COMMON_BLOCKS = YES;
				GCC_WARN_64_TO_32_BIT_CONVERSION = YES;
				GCC_WARN_ABOUT_RETURN_TYPE = YES_ERROR;
				GCC_WARN_UNDECLARED_SELECTOR = YES;
				GCC_WARN_UNINITIALIZED_AUTOS = YES_AGGRESSIVE;
				GCC_WARN_UNUSED_FUNCTION = YES;
				GCC_WARN_UNUSED_VARIABLE = YES;
				IPHONEOS_DEPLOYMENT_TARGET = 16.1;
				MTL_ENABLE_DEBUG_INFO = NO;
				MTL_FAST_MATH = YES;
				SDKROOT = iphoneos;
				SWIFT_COMPILATION_MODE = wholemodule;
				SWIFT_OPTIMIZATION_LEVEL = "-O";
				VALIDATE_PRODUCT = YES;
			};
			name = Release;
		};
		F15CD19A29F7C217001950F6 /* Debug */ = {
			isa = XCBuildConfiguration;
			buildSettings = {
				ASSETCATALOG_COMPILER_APPICON_NAME = AppIcon;
				ASSETCATALOG_COMPILER_GLOBAL_ACCENT_COLOR_NAME = AccentColor;
				CODE_SIGN_STYLE = Automatic;
				CURRENT_PROJECT_VERSION = 1;
				DEVELOPMENT_ASSET_PATHS = "\"SwiftUIPlayGround/Preview Content\"";
				DEVELOPMENT_TEAM = U3QLWV6K6Y;
				ENABLE_PREVIEWS = YES;
				GENERATE_INFOPLIST_FILE = YES;
				INFOPLIST_KEY_UIApplicationSceneManifest_Generation = YES;
				INFOPLIST_KEY_UIApplicationSupportsIndirectInputEvents = YES;
				INFOPLIST_KEY_UILaunchScreen_Generation = YES;
				INFOPLIST_KEY_UISupportedInterfaceOrientations = "UIInterfaceOrientationLandscapeLeft UIInterfaceOrientationLandscapeRight UIInterfaceOrientationPortrait";
				INFOPLIST_KEY_UISupportedInterfaceOrientations_iPad = "UIInterfaceOrientationLandscapeLeft UIInterfaceOrientationLandscapeRight UIInterfaceOrientationPortrait UIInterfaceOrientationPortraitUpsideDown";
				LD_RUNPATH_SEARCH_PATHS = (
					"$(inherited)",
					"@executable_path/Frameworks",
				);
				MARKETING_VERSION = 1.0;
				PRODUCT_BUNDLE_IDENTIFIER = ahmed.ali.SwiftUIPlayGround;
				PRODUCT_NAME = "$(TARGET_NAME)";
				SWIFT_EMIT_LOC_STRINGS = YES;
				SWIFT_VERSION = 5.0;
				TARGETED_DEVICE_FAMILY = "1,2";
			};
			name = Debug;
		};
		F15CD19B29F7C217001950F6 /* Release */ = {
			isa = XCBuildConfiguration;
			buildSettings = {
				ASSETCATALOG_COMPILER_APPICON_NAME = AppIcon;
				ASSETCATALOG_COMPILER_GLOBAL_ACCENT_COLOR_NAME = AccentColor;
				CODE_SIGN_STYLE = Automatic;
				CURRENT_PROJECT_VERSION = 1;
				DEVELOPMENT_ASSET_PATHS = "\"SwiftUIPlayGround/Preview Content\"";
				DEVELOPMENT_TEAM = U3QLWV6K6Y;
				ENABLE_PREVIEWS = YES;
				GENERATE_INFOPLIST_FILE = YES;
				INFOPLIST_KEY_UIApplicationSceneManifest_Generation = YES;
				INFOPLIST_KEY_UIApplicationSupportsIndirectInputEvents = YES;
				INFOPLIST_KEY_UILaunchScreen_Generation = YES;
				INFOPLIST_KEY_UISupportedInterfaceOrientations = "UIInterfaceOrientationLandscapeLeft UIInterfaceOrientationLandscapeRight UIInterfaceOrientationPortrait";
				INFOPLIST_KEY_UISupportedInterfaceOrientations_iPad = "UIInterfaceOrientationLandscapeLeft UIInterfaceOrientationLandscapeRight UIInterfaceOrientationPortrait UIInterfaceOrientationPortraitUpsideDown";
				LD_RUNPATH_SEARCH_PATHS = (
					"$(inherited)",
					"@executable_path/Frameworks",
				);
				MARKETING_VERSION = 1.0;
				PRODUCT_BUNDLE_IDENTIFIER = ahmed.ali.SwiftUIPlayGround;
				PRODUCT_NAME = "$(TARGET_NAME)";
				SWIFT_EMIT_LOC_STRINGS = YES;
				SWIFT_VERSION = 5.0;
				TARGETED_DEVICE_FAMILY = "1,2";
			};
			name = Release;
		};
/* End XCBuildConfiguration section */

/* Begin XCConfigurationList section */
		F15CD18629F7C215001950F6 /* Build configuration list for PBXProject "SwiftUIPlayGround" */ = {
			isa = XCConfigurationList;
			buildConfigurations = (
				F15CD19729F7C217001950F6 /* Debug */,
				F15CD19829F7C217001950F6 /* Release */,
			);
			defaultConfigurationIsVisible = 0;
			defaultConfigurationName = Release;
		};
		F15CD19929F7C217001950F6 /* Build configuration list for PBXNativeTarget "SwiftUIPlayGround" */ = {
			isa = XCConfigurationList;
			buildConfigurations = (
				F15CD19A29F7C217001950F6 /* Debug */,
				F15CD19B29F7C217001950F6 /* Release */,
			);
			defaultConfigurationIsVisible = 0;
			defaultConfigurationName = Release;
		};
/* End XCConfigurationList section */
	};
	rootObject = F15CD18329F7C215001950F6 /* Project object */;
}
